
Microsoft Visual Studio Solution File, Format Version 12.00
# Visual Studio 15
VisualStudioVersion = 15.0.27130.2010
MinimumVisualStudioVersion = 10.0.40219.1
Project("{FAE04EC0-301F-11D3-BF4B-00C04F79EFBC}") = "ChinookConsole", "ChinookConsole\ChinookConsole.csproj", "{AC448F9E-EF5B-45D2-9775-DD51A136CFCB}"
EndProject
Global
	GlobalSection(SolutionConfigurationPlatforms) = preSolution
		Debug|Any CPU = Debug|Any CPU
		Release|Any CPU = Release|Any CPU
	EndGlobalSection
	GlobalSection(ProjectConfigurationPlatforms) = postSolution
		{AC448F9E-EF5B-45D2-9775-DD51A136CFCB}.Debug|Any CPU.ActiveCfg = Debug|Any CPU
		{AC448F9E-EF5B-45D2-9775-DD51A136CFCB}.Debug|Any CPU.Build.0 = Debug|Any CPU
		{AC448F9E-EF5B-45D2-9775-DD51A136CFCB}.Release|Any CPU.ActiveCfg = Release|Any CPU
		{AC448F9E-EF5B-45D2-9775-DD51A136CFCB}.Release|Any CPU.Build.0 = Release|Any CPU
	EndGlobalSection
	GlobalSection(SolutionProperties) = preSolution
		HideSolutionNode = FALSE
	EndGlobalSection
	GlobalSection(ExtensibilityGlobals) = postSolution
		SolutionGuid = {3113F7B2-DA87-48A5-A01B-BC0CE00732EB}
	EndGlobalSection
EndGlobal
